
Microsoft Visual Studio Solution File, Format Version 12.00
# Visual Studio Version 17
VisualStudioVersion = 17.7.34202.233
MinimumVisualStudioVersion = 10.0.40219.1
Project("{FAE04EC0-301F-11D3-BF4B-00C04F79EFBC}") = "DatabaseSQLMusicApp", "DatabaseSQLMusicApp\DatabaseSQLMusicApp.csproj", "{FFDA5F8F-9A32-4664-A23C-8131FBB3B1BB}"
EndProject
Global
	GlobalSection(SolutionConfigurationPlatforms) = preSolution
		Debug|Any CPU = Debug|Any CPU
		Release|Any CPU = Release|Any CPU
	EndGlobalSection
	GlobalSection(ProjectConfigurationPlatforms) = postSolution
		{FFDA5F8F-9A32-4664-A23C-8131FBB3B1BB}.Debug|Any CPU.ActiveCfg = Debug|Any CPU
		{FFDA5F8F-9A32-4664-A23C-8131FBB3B1BB}.Debug|Any CPU.Build.0 = Debug|Any CPU
		{FFDA5F8F-9A32-4664-A23C-8131FBB3B1BB}.Release|Any CPU.ActiveCfg = Release|Any CPU
		{FFDA5F8F-9A32-4664-A23C-8131FBB3B1BB}.Release|Any CPU.Build.0 = Release|Any CPU
	EndGlobalSection
	GlobalSection(SolutionProperties) = preSolution
		HideSolutionNode = FALSE
	EndGlobalSection
	GlobalSection(ExtensibilityGlobals) = postSolution
		SolutionGuid = {FDC373AB-0492-4681-9A6A-621A5A09821A}
	EndGlobalSection
EndGlobal
